
Microsoft Visual Studio Solution File, Format Version 12.00
# Visual Studio Version 17
VisualStudioVersion = 17.1.32421.90
MinimumVisualStudioVersion = 10.0.40219.1
Project("{9A19103F-16F7-4668-BE54-9A1E7A4F7556}") = "LaboratorioForm", "LaboratorioForm\LaboratorioForm.csproj", "{12481FA3-5E8D-4F35-95A2-4EA8E84A6B2E}"
EndProject
Project("{9A19103F-16F7-4668-BE54-9A1E7A4F7556}") = "Ejemplo002_Form", "Ejemplo002_Form\Ejemplo002_Form.csproj", "{900CB187-7E32-4209-92D7-2FE8B08066FB}"
EndProject
Project("{FAE04EC0-301F-11D3-BF4B-00C04F79EFBC}") = "Clase_16_06_22", "Clase_16_06_22\Clase_16_06_22.csproj", "{441F3947-F05E-43EF-9A02-0ED0D0505BEE}"
EndProject
Global
	GlobalSection(SolutionConfigurationPlatforms) = preSolution
		Debug|Any CPU = Debug|Any CPU
		Release|Any CPU = Release|Any CPU
	EndGlobalSection
	GlobalSection(ProjectConfigurationPlatforms) = postSolution
		{12481FA3-5E8D-4F35-95A2-4EA8E84A6B2E}.Debug|Any CPU.ActiveCfg = Debug|Any CPU
		{12481FA3-5E8D-4F35-95A2-4EA8E84A6B2E}.Debug|Any CPU.Build.0 = Debug|Any CPU
		{12481FA3-5E8D-4F35-95A2-4EA8E84A6B2E}.Release|Any CPU.ActiveCfg = Release|Any CPU
		{12481FA3-5E8D-4F35-95A2-4EA8E84A6B2E}.Release|Any CPU.Build.0 = Release|Any CPU
		{900CB187-7E32-4209-92D7-2FE8B08066FB}.Debug|Any CPU.ActiveCfg = Debug|Any CPU
		{900CB187-7E32-4209-92D7-2FE8B08066FB}.Debug|Any CPU.Build.0 = Debug|Any CPU
		{900CB187-7E32-4209-92D7-2FE8B08066FB}.Release|Any CPU.ActiveCfg = Release|Any CPU
		{900CB187-7E32-4209-92D7-2FE8B08066FB}.Release|Any CPU.Build.0 = Release|Any CPU
		{441F3947-F05E-43EF-9A02-0ED0D0505BEE}.Debug|Any CPU.ActiveCfg = Debug|Any CPU
		{441F3947-F05E-43EF-9A02-0ED0D0505BEE}.Debug|Any CPU.Build.0 = Debug|Any CPU
		{441F3947-F05E-43EF-9A02-0ED0D0505BEE}.Release|Any CPU.ActiveCfg = Release|Any CPU
		{441F3947-F05E-43EF-9A02-0ED0D0505BEE}.Release|Any CPU.Build.0 = Release|Any CPU
	EndGlobalSection
	GlobalSection(SolutionProperties) = preSolution
		HideSolutionNode = FALSE
	EndGlobalSection
	GlobalSection(ExtensibilityGlobals) = postSolution
		SolutionGuid = {85C8B1E1-F6C4-4934-BF3E-A69BBEC643AC}
	EndGlobalSection
EndGlobal
